
Microsoft Visual Studio Solution File, Format Version 12.00
# Visual Studio 15
VisualStudioVersion = 15.0.28307.438
MinimumVisualStudioVersion = 10.0.40219.1
Project("{FAE04EC0-301F-11D3-BF4B-00C04F79EFBC}") = "ClassLibrary1", "ClassLibrary1\ClassLibrary1.csproj", "{BC9C078F-BC6E-4494-AF65-516F8C9EBE32}"
EndProject
Global
	GlobalSection(SolutionConfigurationPlatforms) = preSolution
		Debug|Any CPU = Debug|Any CPU
		Release|Any CPU = Release|Any CPU
	EndGlobalSection
	GlobalSection(ProjectConfigurationPlatforms) = postSolution
		{BC9C078F-BC6E-4494-AF65-516F8C9EBE32}.Debug|Any CPU.ActiveCfg = Debug|Any CPU
		{BC9C078F-BC6E-4494-AF65-516F8C9EBE32}.Debug|Any CPU.Build.0 = Debug|Any CPU
		{BC9C078F-BC6E-4494-AF65-516F8C9EBE32}.Release|Any CPU.ActiveCfg = Release|Any CPU
		{BC9C078F-BC6E-4494-AF65-516F8C9EBE32}.Release|Any CPU.Build.0 = Release|Any CPU
	EndGlobalSection
	GlobalSection(SolutionProperties) = preSolution
		HideSolutionNode = FALSE
	EndGlobalSection
	GlobalSection(ExtensibilityGlobals) = postSolution
		SolutionGuid = {4B606D7B-87B8-41FE-9398-944D34F14697}
	EndGlobalSection
EndGlobal
